
Microsoft Visual Studio Solution File, Format Version 12.00
# Visual Studio 2012
Project("{FAE04EC0-301F-11D3-BF4B-00C04F79EFBC}") = "ListExtensions", "ListExtensions\ListExtensions.csproj", "{C9171255-B6E7-4277-83B0-4A3434B4A15F}"
EndProject
Project("{FAE04EC0-301F-11D3-BF4B-00C04F79EFBC}") = "ListExtensionTests", "ListExtensionTests\ListExtensionTests.csproj", "{C7A0781F-AFED-4ACF-84DD-CBCE763466E7}"
EndProject
Global
	GlobalSection(SolutionConfigurationPlatforms) = preSolution
		Debug|Any CPU = Debug|Any CPU
		Release|Any CPU = Release|Any CPU
	EndGlobalSection
	GlobalSection(ProjectConfigurationPlatforms) = postSolution
		{C9171255-B6E7-4277-83B0-4A3434B4A15F}.Debug|Any CPU.ActiveCfg = Debug|Any CPU
		{C9171255-B6E7-4277-83B0-4A3434B4A15F}.Debug|Any CPU.Build.0 = Debug|Any CPU
		{C9171255-B6E7-4277-83B0-4A3434B4A15F}.Release|Any CPU.ActiveCfg = Release|Any CPU
		{C9171255-B6E7-4277-83B0-4A3434B4A15F}.Release|Any CPU.Build.0 = Release|Any CPU
		{C7A0781F-AFED-4ACF-84DD-CBCE763466E7}.Debug|Any CPU.ActiveCfg = Debug|Any CPU
		{C7A0781F-AFED-4ACF-84DD-CBCE763466E7}.Debug|Any CPU.Build.0 = Debug|Any CPU
		{C7A0781F-AFED-4ACF-84DD-CBCE763466E7}.Release|Any CPU.ActiveCfg = Release|Any CPU
		{C7A0781F-AFED-4ACF-84DD-CBCE763466E7}.Release|Any CPU.Build.0 = Release|Any CPU
	EndGlobalSection
	GlobalSection(SolutionProperties) = preSolution
		HideSolutionNode = FALSE
	EndGlobalSection
EndGlobal
